
Microsoft Visual Studio Solution File, Format Version 12.00
# Visual Studio Version 17
VisualStudioVersion = 17.9.34728.123
MinimumVisualStudioVersion = 10.0.40219.1
Project("{FAE04EC0-301F-11D3-BF4B-00C04F79EFBC}") = "lista zakupów", "lista zakupów.csproj", "{B70A6C41-044F-40E2-9F25-5408692BEC97}"
EndProject
Global
	GlobalSection(SolutionConfigurationPlatforms) = preSolution
		Debug|Any CPU = Debug|Any CPU
		Release|Any CPU = Release|Any CPU
	EndGlobalSection
	GlobalSection(ProjectConfigurationPlatforms) = postSolution
		{B70A6C41-044F-40E2-9F25-5408692BEC97}.Debug|Any CPU.ActiveCfg = Debug|Any CPU
		{B70A6C41-044F-40E2-9F25-5408692BEC97}.Debug|Any CPU.Build.0 = Debug|Any CPU
		{B70A6C41-044F-40E2-9F25-5408692BEC97}.Release|Any CPU.ActiveCfg = Release|Any CPU
		{B70A6C41-044F-40E2-9F25-5408692BEC97}.Release|Any CPU.Build.0 = Release|Any CPU
	EndGlobalSection
	GlobalSection(SolutionProperties) = preSolution
		HideSolutionNode = FALSE
	EndGlobalSection
	GlobalSection(ExtensibilityGlobals) = postSolution
		SolutionGuid = {91319913-B69E-478F-A136-AE05F8E196B2}
	EndGlobalSection
EndGlobal
